// !$*UTF8*$!
{
	archiveVersion = 1;
	classes = {
	};
	objectVersion = 51;
	objects = {

/* Begin PBXBuildFile section */
		961471CF23E2DE73006BE271 /* ChatVC.swift in Sources */ = {isa = PBXBuildFile; fileRef = 961471CE23E2DE73006BE271 /* ChatVC.swift */; };
		961471D123E2E2C8006BE271 /* SpeechBalloonView.swift in Sources */ = {isa = PBXBuildFile; fileRef = 961471D023E2E2C8006BE271 /* SpeechBalloonView.swift */; };
		961471D723E2F802006BE271 /* DateCell.swift in Sources */ = {isa = PBXBuildFile; fileRef = 961471D523E2F802006BE271 /* DateCell.swift */; };
		961471D823E2F802006BE271 /* DateCell.xib in Resources */ = {isa = PBXBuildFile; fileRef = 961471D623E2F802006BE271 /* DateCell.xib */; };
		961471DC23E2F9D8006BE271 /* CalendarVC.swift in Sources */ = {isa = PBXBuildFile; fileRef = 961471DB23E2F9D8006BE271 /* CalendarVC.swift */; };
		961471DE23E33755006BE271 /* Utils.swift in Sources */ = {isa = PBXBuildFile; fileRef = 961471DD23E33755006BE271 /* Utils.swift */; };
		9624CCF523E06F21007007AA /* AppDelegate.swift in Sources */ = {isa = PBXBuildFile; fileRef = 9624CCF423E06F21007007AA /* AppDelegate.swift */; };
		9624CCF723E06F21007007AA /* SceneDelegate.swift in Sources */ = {isa = PBXBuildFile; fileRef = 9624CCF623E06F21007007AA /* SceneDelegate.swift */; };
		9624CCF923E06F21007007AA /* SignInViewController.swift in Sources */ = {isa = PBXBuildFile; fileRef = 9624CCF823E06F21007007AA /* SignInViewController.swift */; };
		9624CCFC23E06F21007007AA /* Entrance.storyboard in Resources */ = {isa = PBXBuildFile; fileRef = 9624CCFA23E06F21007007AA /* Entrance.storyboard */; };
		9624CCFF23E06F21007007AA /* ToYou_iOS.xcdatamodeld in Sources */ = {isa = PBXBuildFile; fileRef = 9624CCFD23E06F21007007AA /* ToYou_iOS.xcdatamodeld */; };
		9624CD0123E06F22007007AA /* Assets.xcassets in Resources */ = {isa = PBXBuildFile; fileRef = 9624CD0023E06F22007007AA /* Assets.xcassets */; };
		9624CD0423E06F22007007AA /* LaunchScreen.storyboard in Resources */ = {isa = PBXBuildFile; fileRef = 9624CD0223E06F22007007AA /* LaunchScreen.storyboard */; };
		9624CD0C23E07078007007AA /* GoogleService-Info.plist in Resources */ = {isa = PBXBuildFile; fileRef = 9624CD0B23E07078007007AA /* GoogleService-Info.plist */; };
		9624CD1023E08B41007007AA /* SignUpViewController.swift in Sources */ = {isa = PBXBuildFile; fileRef = 9624CD0F23E08B41007007AA /* SignUpViewController.swift */; };
		9624CD1323E08D60007007AA /* MakePartnerViewController.swift in Sources */ = {isa = PBXBuildFile; fileRef = 9624CD1223E08D60007007AA /* MakePartnerViewController.swift */; };
		9624CD1523E08D8B007007AA /* Main.storyboard in Resources */ = {isa = PBXBuildFile; fileRef = 9624CD1423E08D8B007007AA /* Main.storyboard */; };
		9624CD1823E09C0A007007AA /* CardView.swift in Sources */ = {isa = PBXBuildFile; fileRef = 9624CD1723E09C0A007007AA /* CardView.swift */; };
		E40DFF00468B0E691A0621E2 /* Pods_ToYou_iOS.framework in Frameworks */ = {isa = PBXBuildFile; fileRef = B5F441FF80095026657DC363 /* Pods_ToYou_iOS.framework */; };
/* End PBXBuildFile section */

/* Begin PBXFileReference section */
		2438B21C16699EAABEDDE03E /* Pods-ToYou_iOS.release.xcconfig */ = {isa = PBXFileReference; includeInIndex = 1; lastKnownFileType = text.xcconfig; name = "Pods-ToYou_iOS.release.xcconfig"; path = "Target Support Files/Pods-ToYou_iOS/Pods-ToYou_iOS.release.xcconfig"; sourceTree = "<group>"; };
		5A6FCA837ABB92D92F84E91F /* Pods-ToYou_iOS.debug.xcconfig */ = {isa = PBXFileReference; includeInIndex = 1; lastKnownFileType = text.xcconfig; name = "Pods-ToYou_iOS.debug.xcconfig"; path = "Target Support Files/Pods-ToYou_iOS/Pods-ToYou_iOS.debug.xcconfig"; sourceTree = "<group>"; };
		961471CE23E2DE73006BE271 /* ChatVC.swift */ = {isa = PBXFileReference; lastKnownFileType = sourcecode.swift; path = ChatVC.swift; sourceTree = "<group>"; };
		961471D023E2E2C8006BE271 /* SpeechBalloonView.swift */ = {isa = PBXFileReference; lastKnownFileType = sourcecode.swift; path = SpeechBalloonView.swift; sourceTree = "<group>"; };
		961471D523E2F802006BE271 /* DateCell.swift */ = {isa = PBXFileReference; lastKnownFileType = sourcecode.swift; path = DateCell.swift; sourceTree = "<group>"; };
		961471D623E2F802006BE271 /* DateCell.xib */ = {isa = PBXFileReference; lastKnownFileType = file.xib; path = DateCell.xib; sourceTree = "<group>"; };
		961471DB23E2F9D8006BE271 /* CalendarVC.swift */ = {isa = PBXFileReference; lastKnownFileType = sourcecode.swift; path = CalendarVC.swift; sourceTree = "<group>"; };
		961471DD23E33755006BE271 /* Utils.swift */ = {isa = PBXFileReference; lastKnownFileType = sourcecode.swift; path = Utils.swift; sourceTree = "<group>"; };
		9624CCF123E06F21007007AA /* ToYou_iOS.app */ = {isa = PBXFileReference; explicitFileType = wrapper.application; includeInIndex = 0; path = ToYou_iOS.app; sourceTree = BUILT_PRODUCTS_DIR; };
		9624CCF423E06F21007007AA /* AppDelegate.swift */ = {isa = PBXFileReference; lastKnownFileType = sourcecode.swift; path = AppDelegate.swift; sourceTree = "<group>"; };
		9624CCF623E06F21007007AA /* SceneDelegate.swift */ = {isa = PBXFileReference; lastKnownFileType = sourcecode.swift; path = SceneDelegate.swift; sourceTree = "<group>"; };
		9624CCF823E06F21007007AA /* SignInViewController.swift */ = {isa = PBXFileReference; lastKnownFileType = sourcecode.swift; path = SignInViewController.swift; sourceTree = "<group>"; };
		9624CCFB23E06F21007007AA /* Base */ = {isa = PBXFileReference; lastKnownFileType = file.storyboard; name = Base; path = Base.lproj/Entrance.storyboard; sourceTree = "<group>"; };
		9624CCFE23E06F21007007AA /* ToYou_iOS.xcdatamodel */ = {isa = PBXFileReference; lastKnownFileType = wrapper.xcdatamodel; path = ToYou_iOS.xcdatamodel; sourceTree = "<group>"; };
		9624CD0023E06F22007007AA /* Assets.xcassets */ = {isa = PBXFileReference; lastKnownFileType = folder.assetcatalog; path = Assets.xcassets; sourceTree = "<group>"; };
		9624CD0323E06F22007007AA /* Base */ = {isa = PBXFileReference; lastKnownFileType = file.storyboard; name = Base; path = Base.lproj/LaunchScreen.storyboard; sourceTree = "<group>"; };
		9624CD0523E06F22007007AA /* Info.plist */ = {isa = PBXFileReference; lastKnownFileType = text.plist.xml; path = Info.plist; sourceTree = "<group>"; };
		9624CD0B23E07078007007AA /* GoogleService-Info.plist */ = {isa = PBXFileReference; lastKnownFileType = text.plist; path = "GoogleService-Info.plist"; sourceTree = SOURCE_ROOT; };
		9624CD0F23E08B41007007AA /* SignUpViewController.swift */ = {isa = PBXFileReference; lastKnownFileType = sourcecode.swift; path = SignUpViewController.swift; sourceTree = "<group>"; };
		9624CD1223E08D60007007AA /* MakePartnerViewController.swift */ = {isa = PBXFileReference; lastKnownFileType = sourcecode.swift; path = MakePartnerViewController.swift; sourceTree = "<group>"; };
		9624CD1423E08D8B007007AA /* Main.storyboard */ = {isa = PBXFileReference; lastKnownFileType = file.storyboard; path = Main.storyboard; sourceTree = "<group>"; };
		9624CD1723E09C0A007007AA /* CardView.swift */ = {isa = PBXFileReference; lastKnownFileType = sourcecode.swift; path = CardView.swift; sourceTree = "<group>"; };
		B5F441FF80095026657DC363 /* Pods_ToYou_iOS.framework */ = {isa = PBXFileReference; explicitFileType = wrapper.framework; includeInIndex = 0; path = Pods_ToYou_iOS.framework; sourceTree = BUILT_PRODUCTS_DIR; };
/* End PBXFileReference section */

/* Begin PBXFrameworksBuildPhase section */
		9624CCEE23E06F21007007AA /* Frameworks */ = {
			isa = PBXFrameworksBuildPhase;
			buildActionMask = 2147483647;
			files = (
				E40DFF00468B0E691A0621E2 /* Pods_ToYou_iOS.framework in Frameworks */,
			);
			runOnlyForDeploymentPostprocessing = 0;
		};
/* End PBXFrameworksBuildPhase section */

/* Begin PBXGroup section */
		6956C654EAE568F54F78F1EE /* Pods */ = {
			isa = PBXGroup;
			children = (
				5A6FCA837ABB92D92F84E91F /* Pods-ToYou_iOS.debug.xcconfig */,
				2438B21C16699EAABEDDE03E /* Pods-ToYou_iOS.release.xcconfig */,
			);
			path = Pods;
			sourceTree = "<group>";
		};
		6DC9179E20A9E8B686AD7F91 /* Frameworks */ = {
			isa = PBXGroup;
			children = (
				B5F441FF80095026657DC363 /* Pods_ToYou_iOS.framework */,
			);
			name = Frameworks;
			sourceTree = "<group>";
		};
		961471CD23E2DE59006BE271 /* Chat */ = {
			isa = PBXGroup;
			children = (
				961471CE23E2DE73006BE271 /* ChatVC.swift */,
				961471D023E2E2C8006BE271 /* SpeechBalloonView.swift */,
			);
			path = Chat;
			sourceTree = "<group>";
		};
		961471D423E2F3D9006BE271 /* CalendarView */ = {
			isa = PBXGroup;
			children = (
				961471D523E2F802006BE271 /* DateCell.swift */,
				961471D623E2F802006BE271 /* DateCell.xib */,
			);
			path = CalendarView;
			sourceTree = "<group>";
		};
		961471D923E2F92B006BE271 /* Calendar */ = {
			isa = PBXGroup;
			children = (
				961471DB23E2F9D8006BE271 /* CalendarVC.swift */,
			);
			path = Calendar;
			sourceTree = "<group>";
		};
		961471DA23E2F9A1006BE271 /* Scenes */ = {
			isa = PBXGroup;
			children = (
				961471D923E2F92B006BE271 /* Calendar */,
				961471CD23E2DE59006BE271 /* Chat */,
				9624CD0E23E08B1E007007AA /* SignUp */,
				9624CD0D23E08B15007007AA /* SignIn */,
				9624CD1123E08D47007007AA /* MakePartner */,
			);
			path = Scenes;
			sourceTree = "<group>";
		};
		9624CCE823E06F21007007AA = {
			isa = PBXGroup;
			children = (
				9624CCF323E06F21007007AA /* ToYou_iOS */,
				9624CCF223E06F21007007AA /* Products */,
				6956C654EAE568F54F78F1EE /* Pods */,
				6DC9179E20A9E8B686AD7F91 /* Frameworks */,
			);
			sourceTree = "<group>";
		};
		9624CCF223E06F21007007AA /* Products */ = {
			isa = PBXGroup;
			children = (
				9624CCF123E06F21007007AA /* ToYou_iOS.app */,
			);
			name = Products;
			sourceTree = "<group>";
		};
		9624CCF323E06F21007007AA /* ToYou_iOS */ = {
			isa = PBXGroup;
			children = (
				961471DA23E2F9A1006BE271 /* Scenes */,
				961471D423E2F3D9006BE271 /* CalendarView */,
				9624CD1623E09BE8007007AA /* CardView */,
				9624CD0B23E07078007007AA /* GoogleService-Info.plist */,
				9624CCF423E06F21007007AA /* AppDelegate.swift */,
				9624CCF623E06F21007007AA /* SceneDelegate.swift */,
				9624CCFA23E06F21007007AA /* Entrance.storyboard */,
				9624CD1423E08D8B007007AA /* Main.storyboard */,
				9624CD0023E06F22007007AA /* Assets.xcassets */,
				9624CD0223E06F22007007AA /* LaunchScreen.storyboard */,
				9624CD0523E06F22007007AA /* Info.plist */,
				9624CCFD23E06F21007007AA /* ToYou_iOS.xcdatamodeld */,
				961471DD23E33755006BE271 /* Utils.swift */,
			);
			path = ToYou_iOS;
			sourceTree = "<group>";
		};
		9624CD0D23E08B15007007AA /* SignIn */ = {
			isa = PBXGroup;
			children = (
				9624CCF823E06F21007007AA /* SignInViewController.swift */,
			);
			path = SignIn;
			sourceTree = "<group>";
		};
		9624CD0E23E08B1E007007AA /* SignUp */ = {
			isa = PBXGroup;
			children = (
				9624CD0F23E08B41007007AA /* SignUpViewController.swift */,
			);
			path = SignUp;
			sourceTree = "<group>";
		};
		9624CD1123E08D47007007AA /* MakePartner */ = {
			isa = PBXGroup;
			children = (
				9624CD1223E08D60007007AA /* MakePartnerViewController.swift */,
			);
			path = MakePartner;
			sourceTree = "<group>";
		};
		9624CD1623E09BE8007007AA /* CardView */ = {
			isa = PBXGroup;
			children = (
				9624CD1723E09C0A007007AA /* CardView.swift */,
			);
			path = CardView;
			sourceTree = "<group>";
		};
/* End PBXGroup section */

/* Begin PBXNativeTarget section */
		9624CCF023E06F21007007AA /* ToYou_iOS */ = {
			isa = PBXNativeTarget;
			buildConfigurationList = 9624CD0823E06F22007007AA /* Build configuration list for PBXNativeTarget "ToYou_iOS" */;
			buildPhases = (
				F60B003BB9FF415226F59EA2 /* [CP] Check Pods Manifest.lock */,
				9624CCED23E06F21007007AA /* Sources */,
				9624CCEE23E06F21007007AA /* Frameworks */,
				9624CCEF23E06F21007007AA /* Resources */,
				F374BA8ACAC095D65CB414C3 /* [CP] Embed Pods Frameworks */,
			);
			buildRules = (
			);
			dependencies = (
			);
			name = ToYou_iOS;
			productName = ToYou_iOS;
			productReference = 9624CCF123E06F21007007AA /* ToYou_iOS.app */;
			productType = "com.apple.product-type.application";
		};
/* End PBXNativeTarget section */

/* Begin PBXProject section */
		9624CCE923E06F21007007AA /* Project object */ = {
			isa = PBXProject;
			attributes = {
				LastSwiftUpdateCheck = 1130;
				LastUpgradeCheck = 1130;
				ORGANIZATIONNAME = dongkyoo;
				TargetAttributes = {
					9624CCF023E06F21007007AA = {
						CreatedOnToolsVersion = 11.3.1;
					};
				};
			};
			buildConfigurationList = 9624CCEC23E06F21007007AA /* Build configuration list for PBXProject "ToYou_iOS" */;
			compatibilityVersion = "Xcode 9.3";
			developmentRegion = en;
			hasScannedForEncodings = 0;
			knownRegions = (
				en,
				Base,
			);
			mainGroup = 9624CCE823E06F21007007AA;
			productRefGroup = 9624CCF223E06F21007007AA /* Products */;
			projectDirPath = "";
			projectRoot = "";
			targets = (
				9624CCF023E06F21007007AA /* ToYou_iOS */,
			);
		};
/* End PBXProject section */

/* Begin PBXResourcesBuildPhase section */
		9624CCEF23E06F21007007AA /* Resources */ = {
			isa = PBXResourcesBuildPhase;
			buildActionMask = 2147483647;
			files = (
				9624CD0423E06F22007007AA /* LaunchScreen.storyboard in Resources */,
				9624CD1523E08D8B007007AA /* Main.storyboard in Resources */,
				9624CD0C23E07078007007AA /* GoogleService-Info.plist in Resources */,
				961471D823E2F802006BE271 /* DateCell.xib in Resources */,
				9624CD0123E06F22007007AA /* Assets.xcassets in Resources */,
				9624CCFC23E06F21007007AA /* Entrance.storyboard in Resources */,
			);
			runOnlyForDeploymentPostprocessing = 0;
		};
/* End PBXResourcesBuildPhase section */

/* Begin PBXShellScriptBuildPhase section */
		F374BA8ACAC095D65CB414C3 /* [CP] Embed Pods Frameworks */ = {
			isa = PBXShellScriptBuildPhase;
			buildActionMask = 2147483647;
			files = (
			);
			inputFileListPaths = (
				"${PODS_ROOT}/Target Support Files/Pods-ToYou_iOS/Pods-ToYou_iOS-frameworks-${CONFIGURATION}-input-files.xcfilelist",
			);
			name = "[CP] Embed Pods Frameworks";
			outputFileListPaths = (
				"${PODS_ROOT}/Target Support Files/Pods-ToYou_iOS/Pods-ToYou_iOS-frameworks-${CONFIGURATION}-output-files.xcfilelist",
			);
			runOnlyForDeploymentPostprocessing = 0;
			shellPath = /bin/sh;
			shellScript = "\"${PODS_ROOT}/Target Support Files/Pods-ToYou_iOS/Pods-ToYou_iOS-frameworks.sh\"\n";
			showEnvVarsInLog = 0;
		};
		F60B003BB9FF415226F59EA2 /* [CP] Check Pods Manifest.lock */ = {
			isa = PBXShellScriptBuildPhase;
			buildActionMask = 2147483647;
			files = (
			);
			inputFileListPaths = (
			);
			inputPaths = (
				"${PODS_PODFILE_DIR_PATH}/Podfile.lock",
				"${PODS_ROOT}/Manifest.lock",
			);
			name = "[CP] Check Pods Manifest.lock";
			outputFileListPaths = (
			);
			outputPaths = (
				"$(DERIVED_FILE_DIR)/Pods-ToYou_iOS-checkManifestLockResult.txt",
			);
			runOnlyForDeploymentPostprocessing = 0;
			shellPath = /bin/sh;
			shellScript = "diff \"${PODS_PODFILE_DIR_PATH}/Podfile.lock\" \"${PODS_ROOT}/Manifest.lock\" > /dev/null\nif [ $? != 0 ] ; then\n    # print error to STDERR\n    echo \"error: The sandbox is not in sync with the Podfile.lock. Run 'pod install' or update your CocoaPods installation.\" >&2\n    exit 1\nfi\n# This output is used by Xcode 'outputs' to avoid re-running this script phase.\necho \"SUCCESS\" > \"${SCRIPT_OUTPUT_FILE_0}\"\n";
			showEnvVarsInLog = 0;
		};
/* End PBXShellScriptBuildPhase section */

/* Begin PBXSourcesBuildPhase section */
		9624CCED23E06F21007007AA /* Sources */ = {
			isa = PBXSourcesBuildPhase;
			buildActionMask = 2147483647;
			files = (
				961471CF23E2DE73006BE271 /* ChatVC.swift in Sources */,
				961471D723E2F802006BE271 /* DateCell.swift in Sources */,
				961471DC23E2F9D8006BE271 /* CalendarVC.swift in Sources */,
				961471D123E2E2C8006BE271 /* SpeechBalloonView.swift in Sources */,
				9624CD1823E09C0A007007AA /* CardView.swift in Sources */,
				9624CCFF23E06F21007007AA /* ToYou_iOS.xcdatamodeld in Sources */,
				9624CCF923E06F21007007AA /* SignInViewController.swift in Sources */,
				9624CCF523E06F21007007AA /* AppDelegate.swift in Sources */,
				9624CCF723E06F21007007AA /* SceneDelegate.swift in Sources */,
				9624CD1023E08B41007007AA /* SignUpViewController.swift in Sources */,
				9624CD1323E08D60007007AA /* MakePartnerViewController.swift in Sources */,
				961471DE23E33755006BE271 /* Utils.swift in Sources */,
			);
			runOnlyForDeploymentPostprocessing = 0;
		};
/* End PBXSourcesBuildPhase section */

/* Begin PBXVariantGroup section */
		9624CCFA23E06F21007007AA /* Entrance.storyboard */ = {
			isa = PBXVariantGroup;
			children = (
				9624CCFB23E06F21007007AA /* Base */,
			);
			name = Entrance.storyboard;
			sourceTree = "<group>";
		};
		9624CD0223E06F22007007AA /* LaunchScreen.storyboard */ = {
			isa = PBXVariantGroup;
			children = (
				9624CD0323E06F22007007AA /* Base */,
			);
			name = LaunchScreen.storyboard;
			sourceTree = "<group>";
		};
/* End PBXVariantGroup section */

/* Begin XCBuildConfiguration section */
		9624CD0623E06F22007007AA /* Debug */ = {
			isa = XCBuildConfiguration;
			buildSettings = {
				ALWAYS_SEARCH_USER_PATHS = NO;
				CLANG_ANALYZER_NONNULL = YES;
				CLANG_ANALYZER_NUMBER_OBJECT_CONVERSION = YES_AGGRESSIVE;
				CLANG_CXX_LANGUAGE_STANDARD = "gnu++14";
				CLANG_CXX_LIBRARY = "libc++";
				CLANG_ENABLE_MODULES = YES;
				CLANG_ENABLE_OBJC_ARC = YES;
				CLANG_ENABLE_OBJC_WEAK = YES;
				CLANG_WARN_BLOCK_CAPTURE_AUTORELEASING = YES;
				CLANG_WARN_BOOL_CONVERSION = YES;
				CLANG_WARN_COMMA = YES;
				CLANG_WARN_CONSTANT_CONVERSION = YES;
				CLANG_WARN_DEPRECATED_OBJC_IMPLEMENTATIONS = YES;
				CLANG_WARN_DIRECT_OBJC_ISA_USAGE = YES_ERROR;
				CLANG_WARN_DOCUMENTATION_COMMENTS = YES;
				CLANG_WARN_EMPTY_BODY = YES;
				CLANG_WARN_ENUM_CONVERSION = YES;
				CLANG_WARN_INFINITE_RECURSION = YES;
				CLANG_WARN_INT_CONVERSION = YES;
				CLANG_WARN_NON_LITERAL_NULL_CONVERSION = YES;
				CLANG_WARN_OBJC_IMPLICIT_RETAIN_SELF = YES;
				CLANG_WARN_OBJC_LITERAL_CONVERSION = YES;
				CLANG_WARN_OBJC_ROOT_CLASS = YES_ERROR;
				CLANG_WARN_RANGE_LOOP_ANALYSIS = YES;
				CLANG_WARN_STRICT_PROTOTYPES = YES;
				CLANG_WARN_SUSPICIOUS_MOVE = YES;
				CLANG_WARN_UNGUARDED_AVAILABILITY = YES_AGGRESSIVE;
				CLANG_WARN_UNREACHABLE_CODE = YES;
				CLANG_WARN__DUPLICATE_METHOD_MATCH = YES;
				COPY_PHASE_STRIP = NO;
				DEBUG_INFORMATION_FORMAT = dwarf;
				ENABLE_STRICT_OBJC_MSGSEND = YES;
				ENABLE_TESTABILITY = YES;
				GCC_C_LANGUAGE_STANDARD = gnu11;
				GCC_DYNAMIC_NO_PIC = NO;
				GCC_NO_COMMON_BLOCKS = YES;
				GCC_OPTIMIZATION_LEVEL = 0;
				GCC_PREPROCESSOR_DEFINITIONS = (
					"DEBUG=1",
					"$(inherited)",
				);
				GCC_WARN_64_TO_32_BIT_CONVERSION = YES;
				GCC_WARN_ABOUT_RETURN_TYPE = YES_ERROR;
				GCC_WARN_UNDECLARED_SELECTOR = YES;
				GCC_WARN_UNINITIALIZED_AUTOS = YES_AGGRESSIVE;
				GCC_WARN_UNUSED_FUNCTION = YES;
				GCC_WARN_UNUSED_VARIABLE = YES;
				IPHONEOS_DEPLOYMENT_TARGET = 13.2;
				MTL_ENABLE_DEBUG_INFO = INCLUDE_SOURCE;
				MTL_FAST_MATH = YES;
				ONLY_ACTIVE_ARCH = YES;
				SDKROOT = iphoneos;
				SWIFT_ACTIVE_COMPILATION_CONDITIONS = DEBUG;
				SWIFT_OPTIMIZATION_LEVEL = "-Onone";
			};
			name = Debug;
		};
		9624CD0723E06F22007007AA /* Release */ = {
			isa = XCBuildConfiguration;
			buildSettings = {
				ALWAYS_SEARCH_USER_PATHS = NO;
				CLANG_ANALYZER_NONNULL = YES;
				CLANG_ANALYZER_NUMBER_OBJECT_CONVERSION = YES_AGGRESSIVE;
				CLANG_CXX_LANGUAGE_STANDARD = "gnu++14";
				CLANG_CXX_LIBRARY = "libc++";
				CLANG_ENABLE_MODULES = YES;
				CLANG_ENABLE_OBJC_ARC = YES;
				CLANG_ENABLE_OBJC_WEAK = YES;
				CLANG_WARN_BLOCK_CAPTURE_AUTORELEASING = YES;
				CLANG_WARN_BOOL_CONVERSION = YES;
				CLANG_WARN_COMMA = YES;
				CLANG_WARN_CONSTANT_CONVERSION = YES;
				CLANG_WARN_DEPRECATED_OBJC_IMPLEMENTATIONS = YES;
				CLANG_WARN_DIRECT_OBJC_ISA_USAGE = YES_ERROR;
				CLANG_WARN_DOCUMENTATION_COMMENTS = YES;
				CLANG_WARN_EMPTY_BODY = YES;
				CLANG_WARN_ENUM_CONVERSION = YES;
				CLANG_WARN_INFINITE_RECURSION = YES;
				CLANG_WARN_INT_CONVERSION = YES;
				CLANG_WARN_NON_LITERAL_NULL_CONVERSION = YES;
				CLANG_WARN_OBJC_IMPLICIT_RETAIN_SELF = YES;
				CLANG_WARN_OBJC_LITERAL_CONVERSION = YES;
				CLANG_WARN_OBJC_ROOT_CLASS = YES_ERROR;
				CLANG_WARN_RANGE_LOOP_ANALYSIS = YES;
				CLANG_WARN_STRICT_PROTOTYPES = YES;
				CLANG_WARN_SUSPICIOUS_MOVE = YES;
				CLANG_WARN_UNGUARDED_AVAILABILITY = YES_AGGRESSIVE;
				CLANG_WARN_UNREACHABLE_CODE = YES;
				CLANG_WARN__DUPLICATE_METHOD_MATCH = YES;
				COPY_PHASE_STRIP = NO;
				DEBUG_INFORMATION_FORMAT = "dwarf-with-dsym";
				ENABLE_NS_ASSERTIONS = NO;
				ENABLE_STRICT_OBJC_MSGSEND = YES;
				GCC_C_LANGUAGE_STANDARD = gnu11;
				GCC_NO_COMMON_BLOCKS = YES;
				GCC_WARN_64_TO_32_BIT_CONVERSION = YES;
				GCC_WARN_ABOUT_RETURN_TYPE = YES_ERROR;
				GCC_WARN_UNDECLARED_SELECTOR = YES;
				GCC_WARN_UNINITIALIZED_AUTOS = YES_AGGRESSIVE;
				GCC_WARN_UNUSED_FUNCTION = YES;
				GCC_WARN_UNUSED_VARIABLE = YES;
				IPHONEOS_DEPLOYMENT_TARGET = 13.2;
				MTL_ENABLE_DEBUG_INFO = NO;
				MTL_FAST_MATH = YES;
				SDKROOT = iphoneos;
				SWIFT_COMPILATION_MODE = wholemodule;
				SWIFT_OPTIMIZATION_LEVEL = "-O";
				VALIDATE_PRODUCT = YES;
			};
			name = Release;
		};
		9624CD0923E06F22007007AA /* Debug */ = {
			isa = XCBuildConfiguration;
			baseConfigurationReference = 5A6FCA837ABB92D92F84E91F /* Pods-ToYou_iOS.debug.xcconfig */;
			buildSettings = {
				ASSETCATALOG_COMPILER_APPICON_NAME = AppIcon;
				CODE_SIGN_STYLE = Automatic;
				DEVELOPMENT_TEAM = 8S882ZSFK3;
				INFOPLIST_FILE = ToYou_iOS/Info.plist;
				IPHONEOS_DEPLOYMENT_TARGET = 13.0;
				LD_RUNPATH_SEARCH_PATHS = (
					"$(inherited)",
					"@executable_path/Frameworks",
				);
				PRODUCT_BUNDLE_IDENTIFIER = "com.dongkyoo.ToYou-iOS";
				PRODUCT_NAME = "$(TARGET_NAME)";
				SWIFT_VERSION = 5.0;
				TARGETED_DEVICE_FAMILY = "1,2";
			};
			name = Debug;
		};
		9624CD0A23E06F22007007AA /* Release */ = {
			isa = XCBuildConfiguration;
			baseConfigurationReference = 2438B21C16699EAABEDDE03E /* Pods-ToYou_iOS.release.xcconfig */;
			buildSettings = {
				ASSETCATALOG_COMPILER_APPICON_NAME = AppIcon;
				CODE_SIGN_STYLE = Automatic;
				DEVELOPMENT_TEAM = 8S882ZSFK3;
				INFOPLIST_FILE = ToYou_iOS/Info.plist;
				IPHONEOS_DEPLOYMENT_TARGET = 13.0;
				LD_RUNPATH_SEARCH_PATHS = (
					"$(inherited)",
					"@executable_path/Frameworks",
				);
				PRODUCT_BUNDLE_IDENTIFIER = "com.dongkyoo.ToYou-iOS";
				PRODUCT_NAME = "$(TARGET_NAME)";
				SWIFT_VERSION = 5.0;
				TARGETED_DEVICE_FAMILY = "1,2";
			};
			name = Release;
		};
/* End XCBuildConfiguration section */

/* Begin XCConfigurationList section */
		9624CCEC23E06F21007007AA /* Build configuration list for PBXProject "ToYou_iOS" */ = {
			isa = XCConfigurationList;
			buildConfigurations = (
				9624CD0623E06F22007007AA /* Debug */,
				9624CD0723E06F22007007AA /* Release */,
			);
			defaultConfigurationIsVisible = 0;
			defaultConfigurationName = Release;
		};
		9624CD0823E06F22007007AA /* Build configuration list for PBXNativeTarget "ToYou_iOS" */ = {
			isa = XCConfigurationList;
			buildConfigurations = (
				9624CD0923E06F22007007AA /* Debug */,
				9624CD0A23E06F22007007AA /* Release */,
			);
			defaultConfigurationIsVisible = 0;
			defaultConfigurationName = Release;
		};
/* End XCConfigurationList section */

/* Begin XCVersionGroup section */
		9624CCFD23E06F21007007AA /* ToYou_iOS.xcdatamodeld */ = {
			isa = XCVersionGroup;
			children = (
				9624CCFE23E06F21007007AA /* ToYou_iOS.xcdatamodel */,
			);
			currentVersion = 9624CCFE23E06F21007007AA /* ToYou_iOS.xcdatamodel */;
			path = ToYou_iOS.xcdatamodeld;
			sourceTree = "<group>";
			versionGroupType = wrapper.xcdatamodel;
		};
/* End XCVersionGroup section */
	};
	rootObject = 9624CCE923E06F21007007AA /* Project object */;
}
